
Microsoft Visual Studio Solution File, Format Version 12.00
# Visual Studio Version 16
VisualStudioVersion = 16.0.30804.86
MinimumVisualStudioVersion = 10.0.40219.1
Project("{FAE04EC0-301F-11D3-BF4B-00C04F79EFBC}") = "DapperPaging", "DapperPaging.csproj", "{EC59CEE4-6A55-4579-958F-EA02C453753D}"
EndProject
Global
	GlobalSection(SolutionConfigurationPlatforms) = preSolution
		Debug|Any CPU = Debug|Any CPU
		Release|Any CPU = Release|Any CPU
	EndGlobalSection
	GlobalSection(ProjectConfigurationPlatforms) = postSolution
		{EC59CEE4-6A55-4579-958F-EA02C453753D}.Debug|Any CPU.ActiveCfg = Debug|Any CPU
		{EC59CEE4-6A55-4579-958F-EA02C453753D}.Debug|Any CPU.Build.0 = Debug|Any CPU
		{EC59CEE4-6A55-4579-958F-EA02C453753D}.Release|Any CPU.ActiveCfg = Release|Any CPU
		{EC59CEE4-6A55-4579-958F-EA02C453753D}.Release|Any CPU.Build.0 = Release|Any CPU
	EndGlobalSection
	GlobalSection(SolutionProperties) = preSolution
		HideSolutionNode = FALSE
	EndGlobalSection
	GlobalSection(ExtensibilityGlobals) = postSolution
		SolutionGuid = {E5E65E15-07A1-4CA4-A1B2-8234DCF8E897}
	EndGlobalSection
EndGlobal
